<Solution>
  <Folder Name="/Platforms/">
    <Project Path="SolsDawn.DesktopVK/SolsDawn.DesktopVK.csproj" />
    <Project Path="SolsDawn.DesktopGL/SolsDawn.DesktopGL.csproj" />
  </Folder>
  <Project Path="SolsDawn.Content/SolsDawn.Content.csproj" />
  <Project Path="SolsDawn.Core.Logic\SolsDawn.Core.Logic.csproj" />
  <Project Path="SolsDawn.Core\SolsDawn.Core.csproj" />
</Solution>
